
Microsoft Visual Studio Solution File, Format Version 12.00
# Visual Studio Version 16
VisualStudioVersion = 16.0.31019.35
MinimumVisualStudioVersion = 10.0.40219.1
Project("{9A19103F-16F7-4668-BE54-9A1E7A4F7556}") = "qwesad", "qwesad\qwesad.csproj", "{24465EB0-F1D4-4B1A-9BC5-6763C6C3FF4E}"
EndProject
Project("{FAE04EC0-301F-11D3-BF4B-00C04F79EFBC}") = "ClassLibrary1", "ClassLibrary1\ClassLibrary1.csproj", "{B096B582-C5DD-4DFD-960F-5AB0DFB3F3FB}"
EndProject
Global
	GlobalSection(SolutionConfigurationPlatforms) = preSolution
		Debug|Any CPU = Debug|Any CPU
		Release|Any CPU = Release|Any CPU
	EndGlobalSection
	GlobalSection(ProjectConfigurationPlatforms) = postSolution
		{24465EB0-F1D4-4B1A-9BC5-6763C6C3FF4E}.Debug|Any CPU.ActiveCfg = Debug|Any CPU
		{24465EB0-F1D4-4B1A-9BC5-6763C6C3FF4E}.Debug|Any CPU.Build.0 = Debug|Any CPU
		{24465EB0-F1D4-4B1A-9BC5-6763C6C3FF4E}.Release|Any CPU.ActiveCfg = Release|Any CPU
		{24465EB0-F1D4-4B1A-9BC5-6763C6C3FF4E}.Release|Any CPU.Build.0 = Release|Any CPU
		{B096B582-C5DD-4DFD-960F-5AB0DFB3F3FB}.Debug|Any CPU.ActiveCfg = Debug|Any CPU
		{B096B582-C5DD-4DFD-960F-5AB0DFB3F3FB}.Debug|Any CPU.Build.0 = Debug|Any CPU
		{B096B582-C5DD-4DFD-960F-5AB0DFB3F3FB}.Release|Any CPU.ActiveCfg = Release|Any CPU
		{B096B582-C5DD-4DFD-960F-5AB0DFB3F3FB}.Release|Any CPU.Build.0 = Release|Any CPU
	EndGlobalSection
	GlobalSection(SolutionProperties) = preSolution
		HideSolutionNode = FALSE
	EndGlobalSection
	GlobalSection(ExtensibilityGlobals) = postSolution
		SolutionGuid = {69B3B954-AFBF-4ADB-B00A-00BACF054624}
	EndGlobalSection
EndGlobal
